// !$*UTF8*$!
{
	archiveVersion = 1;
	classes = {
	};
	objectVersion = 55;
	objects = {

/* Begin PBXBuildFile section */
		177D44692817B27F0005876A /* StickerSliderView.swift in Sources */ = {isa = PBXBuildFile; fileRef = 177D44682817B27F0005876A /* StickerSliderView.swift */; };
		177E1224280C86AF002429C0 /* RoundedDragIndicatorView.swift in Sources */ = {isa = PBXBuildFile; fileRef = 177E1223280C86AF002429C0 /* RoundedDragIndicatorView.swift */; };
		177E1228280C8D9B002429C0 /* UIColor+Extension.swift in Sources */ = {isa = PBXBuildFile; fileRef = 177E1227280C8D9B002429C0 /* UIColor+Extension.swift */; };
		17A9DFC427FDB29800E492AB /* AppDelegate.swift in Sources */ = {isa = PBXBuildFile; fileRef = 17A9DFC327FDB29800E492AB /* AppDelegate.swift */; };
		17A9DFC627FDB29800E492AB /* SceneDelegate.swift in Sources */ = {isa = PBXBuildFile; fileRef = 17A9DFC527FDB29800E492AB /* SceneDelegate.swift */; };
		17A9DFC827FDB29800E492AB /* ViewController.swift in Sources */ = {isa = PBXBuildFile; fileRef = 17A9DFC727FDB29800E492AB /* ViewController.swift */; };
		17A9DFCB27FDB29800E492AB /* Main.storyboard in Resources */ = {isa = PBXBuildFile; fileRef = 17A9DFC927FDB29800E492AB /* Main.storyboard */; };
		17A9DFCD27FDB29900E492AB /* Assets.xcassets in Resources */ = {isa = PBXBuildFile; fileRef = 17A9DFCC27FDB29900E492AB /* Assets.xcassets */; };
		17A9DFD027FDB29900E492AB /* LaunchScreen.storyboard in Resources */ = {isa = PBXBuildFile; fileRef = 17A9DFCE27FDB29900E492AB /* LaunchScreen.storyboard */; };
		17A9DFDE27FDB2EE00E492AB /* ParallaxItemContentMode.swift in Sources */ = {isa = PBXBuildFile; fileRef = 17A9DFD827FDB2EE00E492AB /* ParallaxItemContentMode.swift */; };
		17A9DFDF27FDB2EE00E492AB /* Parallax.swift in Sources */ = {isa = PBXBuildFile; fileRef = 17A9DFD927FDB2EE00E492AB /* Parallax.swift */; };
		17A9DFE027FDB2EE00E492AB /* ParallaxItemTransformer.swift in Sources */ = {isa = PBXBuildFile; fileRef = 17A9DFDA27FDB2EE00E492AB /* ParallaxItemTransformer.swift */; };
		17A9DFE127FDB2EE00E492AB /* ParallaxItemContainer.swift in Sources */ = {isa = PBXBuildFile; fileRef = 17A9DFDB27FDB2EE00E492AB /* ParallaxItemContainer.swift */; };
		17A9DFE227FDB2EE00E492AB /* ParallaxItemInternal.swift in Sources */ = {isa = PBXBuildFile; fileRef = 17A9DFDC27FDB2EE00E492AB /* ParallaxItemInternal.swift */; };
		17A9DFE327FDB2EE00E492AB /* ParallaxItem.swift in Sources */ = {isa = PBXBuildFile; fileRef = 17A9DFDD27FDB2EE00E492AB /* ParallaxItem.swift */; };
		17A9DFE527FDB41B00E492AB /* TableViewCell.swift in Sources */ = {isa = PBXBuildFile; fileRef = 17A9DFE427FDB41B00E492AB /* TableViewCell.swift */; };
		17A9DFE727FDD0F900E492AB /* Sequence+Sorting.swift in Sources */ = {isa = PBXBuildFile; fileRef = 17A9DFE627FDD0F900E492AB /* Sequence+Sorting.swift */; };
		17A9DFF127FEBE0100E492AB /* StatusHeaderView.swift in Sources */ = {isa = PBXBuildFile; fileRef = 17A9DFF027FEBE0100E492AB /* StatusHeaderView.swift */; };
		EF8D12622819EA32007CED1E /* UIView+Extension.swift in Sources */ = {isa = PBXBuildFile; fileRef = EF8D12612819EA32007CED1E /* UIView+Extension.swift */; };
/* End PBXBuildFile section */

/* Begin PBXFileReference section */
		177D44682817B27F0005876A /* StickerSliderView.swift */ = {isa = PBXFileReference; lastKnownFileType = sourcecode.swift; path = StickerSliderView.swift; sourceTree = "<group>"; };
		177E1223280C86AF002429C0 /* RoundedDragIndicatorView.swift */ = {isa = PBXFileReference; lastKnownFileType = sourcecode.swift; path = RoundedDragIndicatorView.swift; sourceTree = "<group>"; };
		177E1227280C8D9B002429C0 /* UIColor+Extension.swift */ = {isa = PBXFileReference; lastKnownFileType = sourcecode.swift; path = "UIColor+Extension.swift"; sourceTree = "<group>"; };
		17A9DFC027FDB29800E492AB /* ParallaxApp.app */ = {isa = PBXFileReference; explicitFileType = wrapper.application; includeInIndex = 0; path = ParallaxApp.app; sourceTree = BUILT_PRODUCTS_DIR; };
		17A9DFC327FDB29800E492AB /* AppDelegate.swift */ = {isa = PBXFileReference; lastKnownFileType = sourcecode.swift; path = AppDelegate.swift; sourceTree = "<group>"; };
		17A9DFC527FDB29800E492AB /* SceneDelegate.swift */ = {isa = PBXFileReference; lastKnownFileType = sourcecode.swift; path = SceneDelegate.swift; sourceTree = "<group>"; };
		17A9DFC727FDB29800E492AB /* ViewController.swift */ = {isa = PBXFileReference; lastKnownFileType = sourcecode.swift; path = ViewController.swift; sourceTree = "<group>"; };
		17A9DFCA27FDB29800E492AB /* Base */ = {isa = PBXFileReference; lastKnownFileType = file.storyboard; name = Base; path = Base.lproj/Main.storyboard; sourceTree = "<group>"; };
		17A9DFCC27FDB29900E492AB /* Assets.xcassets */ = {isa = PBXFileReference; lastKnownFileType = folder.assetcatalog; path = Assets.xcassets; sourceTree = "<group>"; };
		17A9DFCF27FDB29900E492AB /* Base */ = {isa = PBXFileReference; lastKnownFileType = file.storyboard; name = Base; path = Base.lproj/LaunchScreen.storyboard; sourceTree = "<group>"; };
		17A9DFD127FDB29900E492AB /* Info.plist */ = {isa = PBXFileReference; lastKnownFileType = text.plist.xml; path = Info.plist; sourceTree = "<group>"; };
		17A9DFD827FDB2EE00E492AB /* ParallaxItemContentMode.swift */ = {isa = PBXFileReference; fileEncoding = 4; lastKnownFileType = sourcecode.swift; path = ParallaxItemContentMode.swift; sourceTree = "<group>"; };
		17A9DFD927FDB2EE00E492AB /* Parallax.swift */ = {isa = PBXFileReference; fileEncoding = 4; lastKnownFileType = sourcecode.swift; path = Parallax.swift; sourceTree = "<group>"; };
		17A9DFDA27FDB2EE00E492AB /* ParallaxItemTransformer.swift */ = {isa = PBXFileReference; fileEncoding = 4; lastKnownFileType = sourcecode.swift; path = ParallaxItemTransformer.swift; sourceTree = "<group>"; };
		17A9DFDB27FDB2EE00E492AB /* ParallaxItemContainer.swift */ = {isa = PBXFileReference; fileEncoding = 4; lastKnownFileType = sourcecode.swift; path = ParallaxItemContainer.swift; sourceTree = "<group>"; };
		17A9DFDC27FDB2EE00E492AB /* ParallaxItemInternal.swift */ = {isa = PBXFileReference; fileEncoding = 4; lastKnownFileType = sourcecode.swift; path = ParallaxItemInternal.swift; sourceTree = "<group>"; };
		17A9DFDD27FDB2EE00E492AB /* ParallaxItem.swift */ = {isa = PBXFileReference; fileEncoding = 4; lastKnownFileType = sourcecode.swift; path = ParallaxItem.swift; sourceTree = "<group>"; };
		17A9DFE427FDB41B00E492AB /* TableViewCell.swift */ = {isa = PBXFileReference; lastKnownFileType = sourcecode.swift; path = TableViewCell.swift; sourceTree = "<group>"; };
		17A9DFE627FDD0F900E492AB /* Sequence+Sorting.swift */ = {isa = PBXFileReference; lastKnownFileType = sourcecode.swift; path = "Sequence+Sorting.swift"; sourceTree = "<group>"; };
		17A9DFF027FEBE0100E492AB /* StatusHeaderView.swift */ = {isa = PBXFileReference; lastKnownFileType = sourcecode.swift; path = StatusHeaderView.swift; sourceTree = "<group>"; };
		EF8D12612819EA32007CED1E /* UIView+Extension.swift */ = {isa = PBXFileReference; lastKnownFileType = sourcecode.swift; path = "UIView+Extension.swift"; sourceTree = "<group>"; };
/* End PBXFileReference section */

/* Begin PBXFrameworksBuildPhase section */
		17A9DFBD27FDB29800E492AB /* Frameworks */ = {
			isa = PBXFrameworksBuildPhase;
			buildActionMask = 2147483647;
			files = (
			);
			runOnlyForDeploymentPostprocessing = 0;
		};
/* End PBXFrameworksBuildPhase section */

/* Begin PBXGroup section */
		17A9DFB727FDB29700E492AB = {
			isa = PBXGroup;
			children = (
				17A9DFC227FDB29800E492AB /* ParallaxApp */,
				17A9DFC127FDB29800E492AB /* Products */,
			);
			sourceTree = "<group>";
		};
		17A9DFC127FDB29800E492AB /* Products */ = {
			isa = PBXGroup;
			children = (
				17A9DFC027FDB29800E492AB /* ParallaxApp.app */,
			);
			name = Products;
			sourceTree = "<group>";
		};
		17A9DFC227FDB29800E492AB /* ParallaxApp */ = {
			isa = PBXGroup;
			children = (
				17A9DFEB27FEBD7500E492AB /* Sources */,
				17A9DFEA27FEBD6500E492AB /* Resources */,
				17A9DFC327FDB29800E492AB /* AppDelegate.swift */,
				17A9DFC527FDB29800E492AB /* SceneDelegate.swift */,
				17A9DFC727FDB29800E492AB /* ViewController.swift */,
				17A9DFC927FDB29800E492AB /* Main.storyboard */,
				17A9DFCC27FDB29900E492AB /* Assets.xcassets */,
				17A9DFCE27FDB29900E492AB /* LaunchScreen.storyboard */,
				17A9DFD127FDB29900E492AB /* Info.plist */,
			);
			path = ParallaxApp;
			sourceTree = "<group>";
		};
		17A9DFD727FDB2EE00E492AB /* Parallax */ = {
			isa = PBXGroup;
			children = (
				17A9DFD827FDB2EE00E492AB /* ParallaxItemContentMode.swift */,
				17A9DFD927FDB2EE00E492AB /* Parallax.swift */,
				17A9DFDA27FDB2EE00E492AB /* ParallaxItemTransformer.swift */,
				17A9DFDB27FDB2EE00E492AB /* ParallaxItemContainer.swift */,
				17A9DFDC27FDB2EE00E492AB /* ParallaxItemInternal.swift */,
				17A9DFDD27FDB2EE00E492AB /* ParallaxItem.swift */,
			);
			path = Parallax;
			sourceTree = "<group>";
		};
		17A9DFEA27FEBD6500E492AB /* Resources */ = {
			isa = PBXGroup;
			children = (
				17A9DFED27FEBDC000E492AB /* Views */,
				17A9DFEC27FEBD8900E492AB /* Extensions */,
			);
			path = Resources;
			sourceTree = "<group>";
		};
		17A9DFEB27FEBD7500E492AB /* Sources */ = {
			isa = PBXGroup;
			children = (
				17A9DFD727FDB2EE00E492AB /* Parallax */,
				177E1223280C86AF002429C0 /* RoundedDragIndicatorView.swift */,
			);
			path = Sources;
			sourceTree = "<group>";
		};
		17A9DFEC27FEBD8900E492AB /* Extensions */ = {
			isa = PBXGroup;
			children = (
				17A9DFE627FDD0F900E492AB /* Sequence+Sorting.swift */,
				177E1227280C8D9B002429C0 /* UIColor+Extension.swift */,
				EF8D12612819EA32007CED1E /* UIView+Extension.swift */,
			);
			path = Extensions;
			sourceTree = "<group>";
		};
		17A9DFED27FEBDC000E492AB /* Views */ = {
			isa = PBXGroup;
			children = (
				17A9DFF027FEBE0100E492AB /* StatusHeaderView.swift */,
				177D44682817B27F0005876A /* StickerSliderView.swift */,
				17A9DFE427FDB41B00E492AB /* TableViewCell.swift */,
			);
			path = Views;
			sourceTree = "<group>";
		};
/* End PBXGroup section */

/* Begin PBXNativeTarget section */
		17A9DFBF27FDB29800E492AB /* ParallaxApp */ = {
			isa = PBXNativeTarget;
			buildConfigurationList = 17A9DFD427FDB29900E492AB /* Build configuration list for PBXNativeTarget "ParallaxApp" */;
			buildPhases = (
				17A9DFBC27FDB29800E492AB /* Sources */,
				17A9DFBD27FDB29800E492AB /* Frameworks */,
				17A9DFBE27FDB29800E492AB /* Resources */,
			);
			buildRules = (
			);
			dependencies = (
			);
			name = ParallaxApp;
			productName = ParallaxApp;
			productReference = 17A9DFC027FDB29800E492AB /* ParallaxApp.app */;
			productType = "com.apple.product-type.application";
		};
/* End PBXNativeTarget section */

/* Begin PBXProject section */
		17A9DFB827FDB29700E492AB /* Project object */ = {
			isa = PBXProject;
			attributes = {
				BuildIndependentTargetsInParallel = 1;
				LastSwiftUpdateCheck = 1320;
				LastUpgradeCheck = 1320;
				TargetAttributes = {
					17A9DFBF27FDB29800E492AB = {
						CreatedOnToolsVersion = 13.2;
					};
				};
			};
			buildConfigurationList = 17A9DFBB27FDB29700E492AB /* Build configuration list for PBXProject "ParallaxApp" */;
			compatibilityVersion = "Xcode 13.0";
			developmentRegion = en;
			hasScannedForEncodings = 0;
			knownRegions = (
				en,
				Base,
			);
			mainGroup = 17A9DFB727FDB29700E492AB;
			productRefGroup = 17A9DFC127FDB29800E492AB /* Products */;
			projectDirPath = "";
			projectRoot = "";
			targets = (
				17A9DFBF27FDB29800E492AB /* ParallaxApp */,
			);
		};
/* End PBXProject section */

/* Begin PBXResourcesBuildPhase section */
		17A9DFBE27FDB29800E492AB /* Resources */ = {
			isa = PBXResourcesBuildPhase;
			buildActionMask = 2147483647;
			files = (
				17A9DFD027FDB29900E492AB /* LaunchScreen.storyboard in Resources */,
				17A9DFCD27FDB29900E492AB /* Assets.xcassets in Resources */,
				17A9DFCB27FDB29800E492AB /* Main.storyboard in Resources */,
			);
			runOnlyForDeploymentPostprocessing = 0;
		};
/* End PBXResourcesBuildPhase section */

/* Begin PBXSourcesBuildPhase section */
		17A9DFBC27FDB29800E492AB /* Sources */ = {
			isa = PBXSourcesBuildPhase;
			buildActionMask = 2147483647;
			files = (
				177E1228280C8D9B002429C0 /* UIColor+Extension.swift in Sources */,
				17A9DFDE27FDB2EE00E492AB /* ParallaxItemContentMode.swift in Sources */,
				17A9DFF127FEBE0100E492AB /* StatusHeaderView.swift in Sources */,
				17A9DFE027FDB2EE00E492AB /* ParallaxItemTransformer.swift in Sources */,
				17A9DFE327FDB2EE00E492AB /* ParallaxItem.swift in Sources */,
				17A9DFE127FDB2EE00E492AB /* ParallaxItemContainer.swift in Sources */,
				EF8D12622819EA32007CED1E /* UIView+Extension.swift in Sources */,
				17A9DFDF27FDB2EE00E492AB /* Parallax.swift in Sources */,
				17A9DFE527FDB41B00E492AB /* TableViewCell.swift in Sources */,
				17A9DFC827FDB29800E492AB /* ViewController.swift in Sources */,
				17A9DFC427FDB29800E492AB /* AppDelegate.swift in Sources */,
				17A9DFE227FDB2EE00E492AB /* ParallaxItemInternal.swift in Sources */,
				177E1224280C86AF002429C0 /* RoundedDragIndicatorView.swift in Sources */,
				177D44692817B27F0005876A /* StickerSliderView.swift in Sources */,
				17A9DFE727FDD0F900E492AB /* Sequence+Sorting.swift in Sources */,
				17A9DFC627FDB29800E492AB /* SceneDelegate.swift in Sources */,
			);
			runOnlyForDeploymentPostprocessing = 0;
		};
/* End PBXSourcesBuildPhase section */

/* Begin PBXVariantGroup section */
		17A9DFC927FDB29800E492AB /* Main.storyboard */ = {
			isa = PBXVariantGroup;
			children = (
				17A9DFCA27FDB29800E492AB /* Base */,
			);
			name = Main.storyboard;
			sourceTree = "<group>";
		};
		17A9DFCE27FDB29900E492AB /* LaunchScreen.storyboard */ = {
			isa = PBXVariantGroup;
			children = (
				17A9DFCF27FDB29900E492AB /* Base */,
			);
			name = LaunchScreen.storyboard;
			sourceTree = "<group>";
		};
/* End PBXVariantGroup section */

/* Begin XCBuildConfiguration section */
		17A9DFD227FDB29900E492AB /* Debug */ = {
			isa = XCBuildConfiguration;
			buildSettings = {
				ALWAYS_SEARCH_USER_PATHS = NO;
				CLANG_ANALYZER_NONNULL = YES;
				CLANG_ANALYZER_NUMBER_OBJECT_CONVERSION = YES_AGGRESSIVE;
				CLANG_CXX_LANGUAGE_STANDARD = "gnu++17";
				CLANG_CXX_LIBRARY = "libc++";
				CLANG_ENABLE_MODULES = YES;
				CLANG_ENABLE_OBJC_ARC = YES;
				CLANG_ENABLE_OBJC_WEAK = YES;
				CLANG_WARN_BLOCK_CAPTURE_AUTORELEASING = YES;
				CLANG_WARN_BOOL_CONVERSION = YES;
				CLANG_WARN_COMMA = YES;
				CLANG_WARN_CONSTANT_CONVERSION = YES;
				CLANG_WARN_DEPRECATED_OBJC_IMPLEMENTATIONS = YES;
				CLANG_WARN_DIRECT_OBJC_ISA_USAGE = YES_ERROR;
				CLANG_WARN_DOCUMENTATION_COMMENTS = YES;
				CLANG_WARN_EMPTY_BODY = YES;
				CLANG_WARN_ENUM_CONVERSION = YES;
				CLANG_WARN_INFINITE_RECURSION = YES;
				CLANG_WARN_INT_CONVERSION = YES;
				CLANG_WARN_NON_LITERAL_NULL_CONVERSION = YES;
				CLANG_WARN_OBJC_IMPLICIT_RETAIN_SELF = YES;
				CLANG_WARN_OBJC_LITERAL_CONVERSION = YES;
				CLANG_WARN_OBJC_ROOT_CLASS = YES_ERROR;
				CLANG_WARN_QUOTED_INCLUDE_IN_FRAMEWORK_HEADER = YES;
				CLANG_WARN_RANGE_LOOP_ANALYSIS = YES;
				CLANG_WARN_STRICT_PROTOTYPES = YES;
				CLANG_WARN_SUSPICIOUS_MOVE = YES;
				CLANG_WARN_UNGUARDED_AVAILABILITY = YES_AGGRESSIVE;
				CLANG_WARN_UNREACHABLE_CODE = YES;
				CLANG_WARN__DUPLICATE_METHOD_MATCH = YES;
				COPY_PHASE_STRIP = NO;
				DEBUG_INFORMATION_FORMAT = dwarf;
				ENABLE_STRICT_OBJC_MSGSEND = YES;
				ENABLE_TESTABILITY = YES;
				GCC_C_LANGUAGE_STANDARD = gnu11;
				GCC_DYNAMIC_NO_PIC = NO;
				GCC_NO_COMMON_BLOCKS = YES;
				GCC_OPTIMIZATION_LEVEL = 0;
				GCC_PREPROCESSOR_DEFINITIONS = (
					"DEBUG=1",
					"$(inherited)",
				);
				GCC_WARN_64_TO_32_BIT_CONVERSION = YES;
				GCC_WARN_ABOUT_RETURN_TYPE = YES_ERROR;
				GCC_WARN_UNDECLARED_SELECTOR = YES;
				GCC_WARN_UNINITIALIZED_AUTOS = YES_AGGRESSIVE;
				GCC_WARN_UNUSED_FUNCTION = YES;
				GCC_WARN_UNUSED_VARIABLE = YES;
				IPHONEOS_DEPLOYMENT_TARGET = 15.2;
				MTL_ENABLE_DEBUG_INFO = INCLUDE_SOURCE;
				MTL_FAST_MATH = YES;
				ONLY_ACTIVE_ARCH = YES;
				SDKROOT = iphoneos;
				SWIFT_ACTIVE_COMPILATION_CONDITIONS = DEBUG;
				SWIFT_OPTIMIZATION_LEVEL = "-Onone";
			};
			name = Debug;
		};
		17A9DFD327FDB29900E492AB /* Release */ = {
			isa = XCBuildConfiguration;
			buildSettings = {
				ALWAYS_SEARCH_USER_PATHS = NO;
				CLANG_ANALYZER_NONNULL = YES;
				CLANG_ANALYZER_NUMBER_OBJECT_CONVERSION = YES_AGGRESSIVE;
				CLANG_CXX_LANGUAGE_STANDARD = "gnu++17";
				CLANG_CXX_LIBRARY = "libc++";
				CLANG_ENABLE_MODULES = YES;
				CLANG_ENABLE_OBJC_ARC = YES;
				CLANG_ENABLE_OBJC_WEAK = YES;
				CLANG_WARN_BLOCK_CAPTURE_AUTORELEASING = YES;
				CLANG_WARN_BOOL_CONVERSION = YES;
				CLANG_WARN_COMMA = YES;
				CLANG_WARN_CONSTANT_CONVERSION = YES;
				CLANG_WARN_DEPRECATED_OBJC_IMPLEMENTATIONS = YES;
				CLANG_WARN_DIRECT_OBJC_ISA_USAGE = YES_ERROR;
				CLANG_WARN_DOCUMENTATION_COMMENTS = YES;
				CLANG_WARN_EMPTY_BODY = YES;
				CLANG_WARN_ENUM_CONVERSION = YES;
				CLANG_WARN_INFINITE_RECURSION = YES;
				CLANG_WARN_INT_CONVERSION = YES;
				CLANG_WARN_NON_LITERAL_NULL_CONVERSION = YES;
				CLANG_WARN_OBJC_IMPLICIT_RETAIN_SELF = YES;
				CLANG_WARN_OBJC_LITERAL_CONVERSION = YES;
				CLANG_WARN_OBJC_ROOT_CLASS = YES_ERROR;
				CLANG_WARN_QUOTED_INCLUDE_IN_FRAMEWORK_HEADER = YES;
				CLANG_WARN_RANGE_LOOP_ANALYSIS = YES;
				CLANG_WARN_STRICT_PROTOTYPES = YES;
				CLANG_WARN_SUSPICIOUS_MOVE = YES;
				CLANG_WARN_UNGUARDED_AVAILABILITY = YES_AGGRESSIVE;
				CLANG_WARN_UNREACHABLE_CODE = YES;
				CLANG_WARN__DUPLICATE_METHOD_MATCH = YES;
				COPY_PHASE_STRIP = NO;
				DEBUG_INFORMATION_FORMAT = "dwarf-with-dsym";
				ENABLE_NS_ASSERTIONS = NO;
				ENABLE_STRICT_OBJC_MSGSEND = YES;
				GCC_C_LANGUAGE_STANDARD = gnu11;
				GCC_NO_COMMON_BLOCKS = YES;
				GCC_WARN_64_TO_32_BIT_CONVERSION = YES;
				GCC_WARN_ABOUT_RETURN_TYPE = YES_ERROR;
				GCC_WARN_UNDECLARED_SELECTOR = YES;
				GCC_WARN_UNINITIALIZED_AUTOS = YES_AGGRESSIVE;
				GCC_WARN_UNUSED_FUNCTION = YES;
				GCC_WARN_UNUSED_VARIABLE = YES;
				IPHONEOS_DEPLOYMENT_TARGET = 15.2;
				MTL_ENABLE_DEBUG_INFO = NO;
				MTL_FAST_MATH = YES;
				SDKROOT = iphoneos;
				SWIFT_COMPILATION_MODE = wholemodule;
				SWIFT_OPTIMIZATION_LEVEL = "-O";
				VALIDATE_PRODUCT = YES;
			};
			name = Release;
		};
		17A9DFD527FDB29900E492AB /* Debug */ = {
			isa = XCBuildConfiguration;
			buildSettings = {
				ASSETCATALOG_COMPILER_APPICON_NAME = AppIcon;
				ASSETCATALOG_COMPILER_GLOBAL_ACCENT_COLOR_NAME = AccentColor;
				CODE_SIGN_STYLE = Automatic;
				CURRENT_PROJECT_VERSION = 1;
				GENERATE_INFOPLIST_FILE = YES;
				INFOPLIST_FILE = ParallaxApp/Info.plist;
				INFOPLIST_KEY_UIApplicationSupportsIndirectInputEvents = YES;
				INFOPLIST_KEY_UILaunchStoryboardName = LaunchScreen;
				INFOPLIST_KEY_UIMainStoryboardFile = Main;
				INFOPLIST_KEY_UISupportedInterfaceOrientations_iPad = "UIInterfaceOrientationPortrait UIInterfaceOrientationPortraitUpsideDown UIInterfaceOrientationLandscapeLeft UIInterfaceOrientationLandscapeRight";
				INFOPLIST_KEY_UISupportedInterfaceOrientations_iPhone = "UIInterfaceOrientationPortrait UIInterfaceOrientationLandscapeLeft UIInterfaceOrientationLandscapeRight";
				LD_RUNPATH_SEARCH_PATHS = (
					"$(inherited)",
					"@executable_path/Frameworks",
				);
				MARKETING_VERSION = 1.0;
				PRODUCT_BUNDLE_IDENTIFIER = Check.com.ParallaxApp;
				PRODUCT_NAME = "$(TARGET_NAME)";
				SWIFT_EMIT_LOC_STRINGS = YES;
				SWIFT_VERSION = 5.0;
				TARGETED_DEVICE_FAMILY = "1,2";
			};
			name = Debug;
		};
		17A9DFD627FDB29900E492AB /* Release */ = {
			isa = XCBuildConfiguration;
			buildSettings = {
				ASSETCATALOG_COMPILER_APPICON_NAME = AppIcon;
				ASSETCATALOG_COMPILER_GLOBAL_ACCENT_COLOR_NAME = AccentColor;
				CODE_SIGN_STYLE = Automatic;
				CURRENT_PROJECT_VERSION = 1;
				GENERATE_INFOPLIST_FILE = YES;
				INFOPLIST_FILE = ParallaxApp/Info.plist;
				INFOPLIST_KEY_UIApplicationSupportsIndirectInputEvents = YES;
				INFOPLIST_KEY_UILaunchStoryboardName = LaunchScreen;
				INFOPLIST_KEY_UIMainStoryboardFile = Main;
				INFOPLIST_KEY_UISupportedInterfaceOrientations_iPad = "UIInterfaceOrientationPortrait UIInterfaceOrientationPortraitUpsideDown UIInterfaceOrientationLandscapeLeft UIInterfaceOrientationLandscapeRight";
				INFOPLIST_KEY_UISupportedInterfaceOrientations_iPhone = "UIInterfaceOrientationPortrait UIInterfaceOrientationLandscapeLeft UIInterfaceOrientationLandscapeRight";
				LD_RUNPATH_SEARCH_PATHS = (
					"$(inherited)",
					"@executable_path/Frameworks",
				);
				MARKETING_VERSION = 1.0;
				PRODUCT_BUNDLE_IDENTIFIER = Check.com.ParallaxApp;
				PRODUCT_NAME = "$(TARGET_NAME)";
				SWIFT_EMIT_LOC_STRINGS = YES;
				SWIFT_VERSION = 5.0;
				TARGETED_DEVICE_FAMILY = "1,2";
			};
			name = Release;
		};
/* End XCBuildConfiguration section */

/* Begin XCConfigurationList section */
		17A9DFBB27FDB29700E492AB /* Build configuration list for PBXProject "ParallaxApp" */ = {
			isa = XCConfigurationList;
			buildConfigurations = (
				17A9DFD227FDB29900E492AB /* Debug */,
				17A9DFD327FDB29900E492AB /* Release */,
			);
			defaultConfigurationIsVisible = 0;
			defaultConfigurationName = Release;
		};
		17A9DFD427FDB29900E492AB /* Build configuration list for PBXNativeTarget "ParallaxApp" */ = {
			isa = XCConfigurationList;
			buildConfigurations = (
				17A9DFD527FDB29900E492AB /* Debug */,
				17A9DFD627FDB29900E492AB /* Release */,
			);
			defaultConfigurationIsVisible = 0;
			defaultConfigurationName = Release;
		};
/* End XCConfigurationList section */
	};
	rootObject = 17A9DFB827FDB29700E492AB /* Project object */;
}
